
Microsoft Visual Studio Solution File, Format Version 12.00
# Visual Studio Version 17
VisualStudioVersion = 17.5.33424.131
MinimumVisualStudioVersion = 10.0.40219.1
Project("{8BC9CEB8-8B4A-11D0-8D11-00A0C91BC942}") = "Tema_IA_3", "Tema_IA_3.vcxproj", "{5387E97E-5BB0-44BC-B4EE-9225B8916E50}"
EndProject
Global
	GlobalSection(SolutionConfigurationPlatforms) = preSolution
		Debug|x64 = Debug|x64
		Debug|x86 = Debug|x86
		Release|x64 = Release|x64
		Release|x86 = Release|x86
	EndGlobalSection
	GlobalSection(ProjectConfigurationPlatforms) = postSolution
		{5387E97E-5BB0-44BC-B4EE-9225B8916E50}.Debug|x64.ActiveCfg = Debug|x64
		{5387E97E-5BB0-44BC-B4EE-9225B8916E50}.Debug|x64.Build.0 = Debug|x64
		{5387E97E-5BB0-44BC-B4EE-9225B8916E50}.Debug|x86.ActiveCfg = Debug|Win32
		{5387E97E-5BB0-44BC-B4EE-9225B8916E50}.Debug|x86.Build.0 = Debug|Win32
		{5387E97E-5BB0-44BC-B4EE-9225B8916E50}.Release|x64.ActiveCfg = Release|x64
		{5387E97E-5BB0-44BC-B4EE-9225B8916E50}.Release|x64.Build.0 = Release|x64
		{5387E97E-5BB0-44BC-B4EE-9225B8916E50}.Release|x86.ActiveCfg = Release|Win32
		{5387E97E-5BB0-44BC-B4EE-9225B8916E50}.Release|x86.Build.0 = Release|Win32
	EndGlobalSection
	GlobalSection(SolutionProperties) = preSolution
		HideSolutionNode = FALSE
	EndGlobalSection
	GlobalSection(ExtensibilityGlobals) = postSolution
		SolutionGuid = {DC2DE881-073F-42CF-945C-D2C81CB67ECA}
	EndGlobalSection
EndGlobal
